
Microsoft Visual Studio Solution File, Format Version 12.00
# Visual Studio Version 17
VisualStudioVersion = 17.3.32929.385
MinimumVisualStudioVersion = 10.0.40219.1
Project("{FAE04EC0-301F-11D3-BF4B-00C04F79EFBC}") = "RegexPrograms", "RegexPrograms\RegexPrograms.csproj", "{99FF0E6B-5FE8-4A21-916B-9ABD1CC0E440}"
EndProject
Global
	GlobalSection(SolutionConfigurationPlatforms) = preSolution
		Debug|Any CPU = Debug|Any CPU
		Release|Any CPU = Release|Any CPU
	EndGlobalSection
	GlobalSection(ProjectConfigurationPlatforms) = postSolution
		{99FF0E6B-5FE8-4A21-916B-9ABD1CC0E440}.Debug|Any CPU.ActiveCfg = Debug|Any CPU
		{99FF0E6B-5FE8-4A21-916B-9ABD1CC0E440}.Debug|Any CPU.Build.0 = Debug|Any CPU
		{99FF0E6B-5FE8-4A21-916B-9ABD1CC0E440}.Release|Any CPU.ActiveCfg = Release|Any CPU
		{99FF0E6B-5FE8-4A21-916B-9ABD1CC0E440}.Release|Any CPU.Build.0 = Release|Any CPU
	EndGlobalSection
	GlobalSection(SolutionProperties) = preSolution
		HideSolutionNode = FALSE
	EndGlobalSection
	GlobalSection(ExtensibilityGlobals) = postSolution
		SolutionGuid = {F1AC9EBC-1969-453B-8793-9286A729D654}
	EndGlobalSection
EndGlobal
